Microsoft Visual Studio Solution File, Format Version 12.00
# Visual Studio Version 17
VisualStudioVersion = 17.5.2.0
MinimumVisualStudioVersion = 10.0.40219.1
Project("{FAE04EC0-301F-11D3-BF4B-00C04F79EFBC}") = "FSGameSaveEditor", "FSGameSaveEditor\FSGameSaveEditor.csproj", "{D67BF4BA-EED7-8A08-B6AA-DEE3368BEC14}"
EndProject
Global
	GlobalSection(SolutionConfigurationPlatforms) = preSolution
		Debug|Any CPU = Debug|Any CPU
		Release|Any CPU = Release|Any CPU
	EndGlobalSection
	GlobalSection(ProjectConfigurationPlatforms) = postSolution
		{D67BF4BA-EED7-8A08-B6AA-DEE3368BEC14}.Debug|Any CPU.ActiveCfg = Debug|Any CPU
		{D67BF4BA-EED7-8A08-B6AA-DEE3368BEC14}.Debug|Any CPU.Build.0 = Debug|Any CPU
		{D67BF4BA-EED7-8A08-B6AA-DEE3368BEC14}.Release|Any CPU.ActiveCfg = Release|Any CPU
		{D67BF4BA-EED7-8A08-B6AA-DEE3368BEC14}.Release|Any CPU.Build.0 = Release|Any CPU
	EndGlobalSection
	GlobalSection(SolutionProperties) = preSolution
		HideSolutionNode = FALSE
	EndGlobalSection
	GlobalSection(ExtensibilityGlobals) = postSolution
		SolutionGuid = {B1946F9D-7CCE-4333-A8A6-D3C07EB637F8}
	EndGlobalSection
EndGlobal
